// !$*UTF8*$!
{
	archiveVersion = 1;
	classes = {
	};
	objectVersion = 46;
	objects = {

/* Begin PBXBuildFile section */
		0D5A8E5387CC8FA610CFB75B /* Pods_CognitoYourUserPoolsSample.framework in Frameworks */ = {isa = PBXBuildFile; fileRef = AB8F26771F0FF8105FC402DD /* Pods_CognitoYourUserPoolsSample.framework */; };
		17FC2F801E258FC500174015 /* AppDelegate.swift in Sources */ = {isa = PBXBuildFile; fileRef = 17FC2F7F1E258FC500174015 /* AppDelegate.swift */; };
		17FC2F851E258FC500174015 /* Main.storyboard in Resources */ = {isa = PBXBuildFile; fileRef = 17FC2F831E258FC500174015 /* Main.storyboard */; };
		17FC2F871E258FC500174015 /* Assets.xcassets in Resources */ = {isa = PBXBuildFile; fileRef = 17FC2F861E258FC500174015 /* Assets.xcassets */; };
		17FC2F8A1E258FC500174015 /* LaunchScreen.storyboard in Resources */ = {isa = PBXBuildFile; fileRef = 17FC2F881E258FC500174015 /* LaunchScreen.storyboard */; };
		17FC2F921E25908D00174015 /* CognitoLogo.png in Resources */ = {isa = PBXBuildFile; fileRef = 17FC2F911E25908D00174015 /* CognitoLogo.png */; };
		17FC2F951E2590D800174015 /* MFAViewController.xib in Resources */ = {isa = PBXBuildFile; fileRef = 17FC2F941E2590D800174015 /* MFAViewController.xib */; };
		17FC2F971E25928900174015 /* MFAViewController.swift in Sources */ = {isa = PBXBuildFile; fileRef = 17FC2F961E25928900174015 /* MFAViewController.swift */; };
		17FC2F991E25940900174015 /* SignInViewController.swift in Sources */ = {isa = PBXBuildFile; fileRef = 17FC2F981E25940900174015 /* SignInViewController.swift */; };
		17FC2F9B1E259E0500174015 /* Constants.swift in Sources */ = {isa = PBXBuildFile; fileRef = 17FC2F9A1E259E0500174015 /* Constants.swift */; };
		17FC2F9D1E259E5D00174015 /* SignUpViewController.swift in Sources */ = {isa = PBXBuildFile; fileRef = 17FC2F9C1E259E5D00174015 /* SignUpViewController.swift */; };
		17FC2F9F1E259F3200174015 /* ConfirmSignUpViewController.swift in Sources */ = {isa = PBXBuildFile; fileRef = 17FC2F9E1E259F3200174015 /* ConfirmSignUpViewController.swift */; };
		17FC2FA11E25A25900174015 /* ForgotPasswordViewController.swift in Sources */ = {isa = PBXBuildFile; fileRef = 17FC2FA01E25A25900174015 /* ForgotPasswordViewController.swift */; };
		17FC2FA31E25A5D000174015 /* ConfirmForgotPasswordViewController.swift in Sources */ = {isa = PBXBuildFile; fileRef = 17FC2FA21E25A5D000174015 /* ConfirmForgotPasswordViewController.swift */; };
		17FC2FA51E25A77600174015 /* UserDetailTableViewController.swift in Sources */ = {isa = PBXBuildFile; fileRef = 17FC2FA41E25A77600174015 /* UserDetailTableViewController.swift */; };
		17FC2FA71E25A9A200174015 /* DevicesDetailTableViewController.swift in Sources */ = {isa = PBXBuildFile; fileRef = 17FC2FA61E25A9A200174015 /* DevicesDetailTableViewController.swift */; };
		B902A60D20F3D44600331D17 /* prepare_posts.swift in Sources */ = {isa = PBXBuildFile; fileRef = B902A60C20F3D44600331D17 /* prepare_posts.swift */; };
		B91172B12107D94B00284FB5 /* MyCollectionViewCell.xib in Resources */ = {isa = PBXBuildFile; fileRef = B91172AF2107D94B00284FB5 /* MyCollectionViewCell.xib */; };
		B91172B42107D9F900284FB5 /* MyTableViewCell.swift in Sources */ = {isa = PBXBuildFile; fileRef = B91172B22107D9F900284FB5 /* MyTableViewCell.swift */; };
		B91172B52107D9F900284FB5 /* MyTableViewCell.xib in Resources */ = {isa = PBXBuildFile; fileRef = B91172B32107D9F900284FB5 /* MyTableViewCell.xib */; };
		B91172B72107DE4D00284FB5 /* MyCollectionViewCell.swift in Sources */ = {isa = PBXBuildFile; fileRef = B91172B62107DE4D00284FB5 /* MyCollectionViewCell.swift */; };
		B924E9CC20ED2EB500A0B338 /* fabu_unit.swift in Sources */ = {isa = PBXBuildFile; fileRef = B924E9CB20ED2EB500A0B338 /* fabu_unit.swift */; };
		B92A817C20FF97F400207787 /* ImagePreviewVC.swift in Sources */ = {isa = PBXBuildFile; fileRef = B92A817A20FF97F300207787 /* ImagePreviewVC.swift */; };
		B92A817D20FF97F400207787 /* ImagePreviewCell.swift in Sources */ = {isa = PBXBuildFile; fileRef = B92A817B20FF97F400207787 /* ImagePreviewCell.swift */; };
		B98E223520E6A01C0044BB31 /* background.swift in Sources */ = {isa = PBXBuildFile; fileRef = B98E223420E6A01C0044BB31 /* background.swift */; };
		B9BCB04E2106877600661970 /* post_images.swift in Sources */ = {isa = PBXBuildFile; fileRef = B9BCB04D2106877600661970 /* post_images.swift */; };
		B9C1DD5620F6763B004C611B /* post_cell.swift in Sources */ = {isa = PBXBuildFile; fileRef = B9C1DD5520F6763B004C611B /* post_cell.swift */; };
		B9C95E642117B1DD00E6DA06 /* share.swift in Sources */ = {isa = PBXBuildFile; fileRef = B9C95E632117B1DD00E6DA06 /* share.swift */; };
		B9D6951020EE90790024F6FF /* profile_picture.swift in Sources */ = {isa = PBXBuildFile; fileRef = B9D6950F20EE90790024F6FF /* profile_picture.swift */; };
		B9D6951320EE924C0024F6FF /* awsconfiguration.json in Resources */ = {isa = PBXBuildFile; fileRef = B9D6951520EE924C0024F6FF /* awsconfiguration.json */; };
		B9E0B17720FAB258009ED8BD /* 43 发布界面.jpg in Resources */ = {isa = PBXBuildFile; fileRef = B9E0B17620FAB257009ED8BD /* 43 发布界面.jpg */; };
		B9E0B17920FE60F0009ED8BD /* image_cell.swift in Sources */ = {isa = PBXBuildFile; fileRef = B9E0B17820FE60F0009ED8BD /* image_cell.swift */; };
		B9F77BD4210F77060088E601 /* post_detail.swift in Sources */ = {isa = PBXBuildFile; fileRef = B9F77BD3210F77060088E601 /* post_detail.swift */; };
		B9F98AE82110B6D500E4CEDB /* comment_cell.swift in Sources */ = {isa = PBXBuildFile; fileRef = B9F98AE72110B6D500E4CEDB /* comment_cell.swift */; };
		B9F9B53C20F7A98D00CE306F /* trash_box in Resources */ = {isa = PBXBuildFile; fileRef = B9F9B53B20F7A98D00CE306F /* trash_box */; };
		B9F9B53E20F7E4C100CE306F /* fabu.swift in Sources */ = {isa = PBXBuildFile; fileRef = B9F9B53D20F7E4C100CE306F /* fabu.swift */; };
		C45898B3B1F82CAEBB3D2148 /* Pods_chain.framework in Frameworks */ = {isa = PBXBuildFile; fileRef = 6E8730576EDB3203667F8E00 /* Pods_chain.framework */; };
/* End PBXBuildFile section */

/* Begin PBXFileReference section */
		17FC2F7C1E258FC500174015 /* chain.app */ = {isa = PBXFileReference; explicitFileType = wrapper.application; includeInIndex = 0; path = chain.app; sourceTree = BUILT_PRODUCTS_DIR; };
		17FC2F7F1E258FC500174015 /* AppDelegate.swift */ = {isa = PBXFileReference; lastKnownFileType = sourcecode.swift; path = AppDelegate.swift; sourceTree = "<group>"; };
		17FC2F841E258FC500174015 /* Base */ = {isa = PBXFileReference; lastKnownFileType = file.storyboard; name = Base; path = Base.lproj/Main.storyboard; sourceTree = "<group>"; };
		17FC2F861E258FC500174015 /* Assets.xcassets */ = {isa = PBXFileReference; lastKnownFileType = folder.assetcatalog; path = Assets.xcassets; sourceTree = "<group>"; };
		17FC2F891E258FC500174015 /* Base */ = {isa = PBXFileReference; lastKnownFileType = file.storyboard; name = Base; path = Base.lproj/LaunchScreen.storyboard; sourceTree = "<group>"; };
		17FC2F8B1E258FC500174015 /* Info.plist */ = {isa = PBXFileReference; lastKnownFileType = text.plist.xml; path = Info.plist; sourceTree = "<group>"; };
		17FC2F911E25908D00174015 /* CognitoLogo.png */ = {isa = PBXFileReference; lastKnownFileType = image.png; path = CognitoLogo.png; sourceTree = "<group>"; };
		17FC2F941E2590D800174015 /* MFAViewController.xib */ = {isa = PBXFileReference; fileEncoding = 4; lastKnownFileType = file.xib; path = MFAViewController.xib; sourceTree = "<group>"; };
		17FC2F961E25928900174015 /* MFAViewController.swift */ = {isa = PBXFileReference; fileEncoding = 4; lastKnownFileType = sourcecode.swift; path = MFAViewController.swift; sourceTree = "<group>"; };
		17FC2F981E25940900174015 /* SignInViewController.swift */ = {isa = PBXFileReference; fileEncoding = 4; lastKnownFileType = sourcecode.swift; path = SignInViewController.swift; sourceTree = "<group>"; };
		17FC2F9A1E259E0500174015 /* Constants.swift */ = {isa = PBXFileReference; fileEncoding = 4; lastKnownFileType = sourcecode.swift; path = Constants.swift; sourceTree = "<group>"; };
		17FC2F9C1E259E5D00174015 /* SignUpViewController.swift */ = {isa = PBXFileReference; fileEncoding = 4; lastKnownFileType = sourcecode.swift; path = SignUpViewController.swift; sourceTree = "<group>"; };
		17FC2F9E1E259F3200174015 /* ConfirmSignUpViewController.swift */ = {isa = PBXFileReference; fileEncoding = 4; lastKnownFileType = sourcecode.swift; path = ConfirmSignUpViewController.swift; sourceTree = "<group>"; };
		17FC2FA01E25A25900174015 /* ForgotPasswordViewController.swift */ = {isa = PBXFileReference; fileEncoding = 4; lastKnownFileType = sourcecode.swift; path = ForgotPasswordViewController.swift; sourceTree = "<group>"; };
		17FC2FA21E25A5D000174015 /* ConfirmForgotPasswordViewController.swift */ = {isa = PBXFileReference; fileEncoding = 4; lastKnownFileType = sourcecode.swift; path = ConfirmForgotPasswordViewController.swift; sourceTree = "<group>"; };
		17FC2FA41E25A77600174015 /* UserDetailTableViewController.swift */ = {isa = PBXFileReference; fileEncoding = 4; lastKnownFileType = sourcecode.swift; path = UserDetailTableViewController.swift; sourceTree = "<group>"; };
		17FC2FA61E25A9A200174015 /* DevicesDetailTableViewController.swift */ = {isa = PBXFileReference; fileEncoding = 4; lastKnownFileType = sourcecode.swift; path = DevicesDetailTableViewController.swift; sourceTree = "<group>"; };
		2D8C9B52DE415302BA7B152A /* Pods-CognitoYourUserPoolsSample.release.xcconfig */ = {isa = PBXFileReference; includeInIndex = 1; lastKnownFileType = text.xcconfig; name = "Pods-CognitoYourUserPoolsSample.release.xcconfig"; path = "Pods/Target Support Files/Pods-CognitoYourUserPoolsSample/Pods-CognitoYourUserPoolsSample.release.xcconfig"; sourceTree = "<group>"; };
		6E8730576EDB3203667F8E00 /* Pods_chain.framework */ = {isa = PBXFileReference; explicitFileType = wrapper.framework; includeInIndex = 0; path = Pods_chain.framework; sourceTree = BUILT_PRODUCTS_DIR; };
		AB8F26771F0FF8105FC402DD /* Pods_CognitoYourUserPoolsSample.framework */ = {isa = PBXFileReference; explicitFileType = wrapper.framework; includeInIndex = 0; path = Pods_CognitoYourUserPoolsSample.framework; sourceTree = BUILT_PRODUCTS_DIR; };
		B0A9A7D7547397979E20D70A /* Pods-chain.debug.xcconfig */ = {isa = PBXFileReference; includeInIndex = 1; lastKnownFileType = text.xcconfig; name = "Pods-chain.debug.xcconfig"; path = "Pods/Target Support Files/Pods-chain/Pods-chain.debug.xcconfig"; sourceTree = "<group>"; };
		B902A60C20F3D44600331D17 /* prepare_posts.swift */ = {isa = PBXFileReference; lastKnownFileType = sourcecode.swift; path = prepare_posts.swift; sourceTree = "<group>"; };
		B91172AF2107D94B00284FB5 /* MyCollectionViewCell.xib */ = {isa = PBXFileReference; lastKnownFileType = file.xib; path = MyCollectionViewCell.xib; sourceTree = "<group>"; };
		B91172B22107D9F900284FB5 /* MyTableViewCell.swift */ = {isa = PBXFileReference; lastKnownFileType = sourcecode.swift; path = MyTableViewCell.swift; sourceTree = "<group>"; };
		B91172B32107D9F900284FB5 /* MyTableViewCell.xib */ = {isa = PBXFileReference; lastKnownFileType = file.xib; path = MyTableViewCell.xib; sourceTree = "<group>"; };
		B91172B62107DE4D00284FB5 /* MyCollectionViewCell.swift */ = {isa = PBXFileReference; lastKnownFileType = sourcecode.swift; path = MyCollectionViewCell.swift; sourceTree = "<group>"; };
		B924E9CB20ED2EB500A0B338 /* fabu_unit.swift */ = {isa = PBXFileReference; lastKnownFileType = sourcecode.swift; path = fabu_unit.swift; sourceTree = "<group>"; };
		B92A817A20FF97F300207787 /* ImagePreviewVC.swift */ = {isa = PBXFileReference; fileEncoding = 4; lastKnownFileType = sourcecode.swift; path = ImagePreviewVC.swift; sourceTree = "<group>"; };
		B92A817B20FF97F400207787 /* ImagePreviewCell.swift */ = {isa = PBXFileReference; fileEncoding = 4; lastKnownFileType = sourcecode.swift; path = ImagePreviewCell.swift; sourceTree = "<group>"; };
		B98E223420E6A01C0044BB31 /* background.swift */ = {isa = PBXFileReference; lastKnownFileType = sourcecode.swift; path = background.swift; sourceTree = "<group>"; };
		B9BCB04D2106877600661970 /* post_images.swift */ = {isa = PBXFileReference; lastKnownFileType = sourcecode.swift; path = post_images.swift; sourceTree = "<group>"; };
		B9C1DD5520F6763B004C611B /* post_cell.swift */ = {isa = PBXFileReference; lastKnownFileType = sourcecode.swift; path = post_cell.swift; sourceTree = "<group>"; };
		B9C95E632117B1DD00E6DA06 /* share.swift */ = {isa = PBXFileReference; lastKnownFileType = sourcecode.swift; path = share.swift; sourceTree = "<group>"; };
		B9D6950F20EE90790024F6FF /* profile_picture.swift */ = {isa = PBXFileReference; lastKnownFileType = sourcecode.swift; path = profile_picture.swift; sourceTree = "<group>"; };
		B9D6951420EE924C0024F6FF /* Base */ = {isa = PBXFileReference; lastKnownFileType = text.json; name = Base; path = Base.lproj/awsconfiguration.json; sourceTree = "<group>"; };
		B9E0B17620FAB257009ED8BD /* 43 发布界面.jpg */ = {isa = PBXFileReference; lastKnownFileType = image.jpeg; path = "43 发布界面.jpg"; sourceTree = "<group>"; };
		B9E0B17820FE60F0009ED8BD /* image_cell.swift */ = {isa = PBXFileReference; lastKnownFileType = sourcecode.swift; path = image_cell.swift; sourceTree = "<group>"; };
		B9F77BD3210F77060088E601 /* post_detail.swift */ = {isa = PBXFileReference; lastKnownFileType = sourcecode.swift; path = post_detail.swift; sourceTree = "<group>"; };
		B9F98AE72110B6D500E4CEDB /* comment_cell.swift */ = {isa = PBXFileReference; lastKnownFileType = sourcecode.swift; path = comment_cell.swift; sourceTree = "<group>"; };
		B9F9B53B20F7A98D00CE306F /* trash_box */ = {isa = PBXFileReference; lastKnownFileType = text; path = trash_box; sourceTree = "<group>"; };
		B9F9B53D20F7E4C100CE306F /* fabu.swift */ = {isa = PBXFileReference; lastKnownFileType = sourcecode.swift; path = fabu.swift; sourceTree = "<group>"; };
		DBEB9BB4F88788184F7DD583 /* Pods-CognitoYourUserPoolsSample.debug.xcconfig */ = {isa = PBXFileReference; includeInIndex = 1; lastKnownFileType = text.xcconfig; name = "Pods-CognitoYourUserPoolsSample.debug.xcconfig"; path = "Pods/Target Support Files/Pods-CognitoYourUserPoolsSample/Pods-CognitoYourUserPoolsSample.debug.xcconfig"; sourceTree = "<group>"; };
		E3DAD77C24F85CC9C2515630 /* Pods-chain.release.xcconfig */ = {isa = PBXFileReference; includeInIndex = 1; lastKnownFileType = text.xcconfig; name = "Pods-chain.release.xcconfig"; path = "Pods/Target Support Files/Pods-chain/Pods-chain.release.xcconfig"; sourceTree = "<group>"; };
/* End PBXFileReference section */

/* Begin PBXFrameworksBuildPhase section */
		17FC2F791E258FC500174015 /* Frameworks */ = {
			isa = PBXFrameworksBuildPhase;
			buildActionMask = 2147483647;
			files = (
				0D5A8E5387CC8FA610CFB75B /* Pods_CognitoYourUserPoolsSample.framework in Frameworks */,
				C45898B3B1F82CAEBB3D2148 /* Pods_chain.framework in Frameworks */,
			);
			runOnlyForDeploymentPostprocessing = 0;
		};
/* End PBXFrameworksBuildPhase section */

/* Begin PBXGroup section */
		17FC2F731E258FC500174015 = {
			isa = PBXGroup;
			children = (
				17FC2F7E1E258FC500174015 /* CognitoYourUserPoolsSample */,
				17FC2F7D1E258FC500174015 /* Products */,
				DB539DB17300E4375A37CCA6 /* Pods */,
				2B50A37AC16AACF9427C4F0F /* Frameworks */,
			);
			sourceTree = "<group>";
		};
		17FC2F7D1E258FC500174015 /* Products */ = {
			isa = PBXGroup;
			children = (
				17FC2F7C1E258FC500174015 /* chain.app */,
			);
			name = Products;
			sourceTree = "<group>";
		};
		17FC2F7E1E258FC500174015 /* CognitoYourUserPoolsSample */ = {
			isa = PBXGroup;
			children = (
				17FC2F941E2590D800174015 /* MFAViewController.xib */,
				17FC2F7F1E258FC500174015 /* AppDelegate.swift */,
				17FC2F831E258FC500174015 /* Main.storyboard */,
				17FC2F861E258FC500174015 /* Assets.xcassets */,
				17FC2F881E258FC500174015 /* LaunchScreen.storyboard */,
				17FC2F8B1E258FC500174015 /* Info.plist */,
				17FC2F931E25909300174015 /* Supporting Files */,
				17FC2F961E25928900174015 /* MFAViewController.swift */,
				B9E0B17620FAB257009ED8BD /* 43 发布界面.jpg */,
				17FC2F981E25940900174015 /* SignInViewController.swift */,
				B9D6951520EE924C0024F6FF /* awsconfiguration.json */,
				17FC2F9A1E259E0500174015 /* Constants.swift */,
				B98E223420E6A01C0044BB31 /* background.swift */,
				B9C95E632117B1DD00E6DA06 /* share.swift */,
				17FC2FA41E25A77600174015 /* UserDetailTableViewController.swift */,
				B9F77BD3210F77060088E601 /* post_detail.swift */,
				B9F98AE72110B6D500E4CEDB /* comment_cell.swift */,
				B91172B22107D9F900284FB5 /* MyTableViewCell.swift */,
				B91172B62107DE4D00284FB5 /* MyCollectionViewCell.swift */,
				B91172B32107D9F900284FB5 /* MyTableViewCell.xib */,
				B91172AF2107D94B00284FB5 /* MyCollectionViewCell.xib */,
				B9E0B17820FE60F0009ED8BD /* image_cell.swift */,
				17FC2F9C1E259E5D00174015 /* SignUpViewController.swift */,
				B92A817B20FF97F400207787 /* ImagePreviewCell.swift */,
				B92A817A20FF97F300207787 /* ImagePreviewVC.swift */,
				B902A60C20F3D44600331D17 /* prepare_posts.swift */,
				17FC2F9E1E259F3200174015 /* ConfirmSignUpViewController.swift */,
				B9C1DD5520F6763B004C611B /* post_cell.swift */,
				B9BCB04D2106877600661970 /* post_images.swift */,
				17FC2FA01E25A25900174015 /* ForgotPasswordViewController.swift */,
				B9F9B53D20F7E4C100CE306F /* fabu.swift */,
				B9F9B53B20F7A98D00CE306F /* trash_box */,
				17FC2FA21E25A5D000174015 /* ConfirmForgotPasswordViewController.swift */,
				17FC2FA61E25A9A200174015 /* DevicesDetailTableViewController.swift */,
				B924E9CA20ED2E9700A0B338 /* table units */,
			);
			path = CognitoYourUserPoolsSample;
			sourceTree = "<group>";
		};
		17FC2F931E25909300174015 /* Supporting Files */ = {
			isa = PBXGroup;
			children = (
				17FC2F911E25908D00174015 /* CognitoLogo.png */,
			);
			name = "Supporting Files";
			sourceTree = "<group>";
		};
		2B50A37AC16AACF9427C4F0F /* Frameworks */ = {
			isa = PBXGroup;
			children = (
				AB8F26771F0FF8105FC402DD /* Pods_CognitoYourUserPoolsSample.framework */,
				6E8730576EDB3203667F8E00 /* Pods_chain.framework */,
			);
			name = Frameworks;
			sourceTree = "<group>";
		};
		B924E9CA20ED2E9700A0B338 /* table units */ = {
			isa = PBXGroup;
			children = (
				B924E9CB20ED2EB500A0B338 /* fabu_unit.swift */,
				B9D6950F20EE90790024F6FF /* profile_picture.swift */,
			);
			name = "table units";
			sourceTree = "<group>";
		};
		DB539DB17300E4375A37CCA6 /* Pods */ = {
			isa = PBXGroup;
			children = (
				DBEB9BB4F88788184F7DD583 /* Pods-CognitoYourUserPoolsSample.debug.xcconfig */,
				2D8C9B52DE415302BA7B152A /* Pods-CognitoYourUserPoolsSample.release.xcconfig */,
				B0A9A7D7547397979E20D70A /* Pods-chain.debug.xcconfig */,
				E3DAD77C24F85CC9C2515630 /* Pods-chain.release.xcconfig */,
			);
			name = Pods;
			sourceTree = "<group>";
		};
/* End PBXGroup section */

/* Begin PBXNativeTarget section */
		17FC2F7B1E258FC500174015 /* chain */ = {
			isa = PBXNativeTarget;
			buildConfigurationList = 17FC2F8E1E258FC500174015 /* Build configuration list for PBXNativeTarget "chain" */;
			buildPhases = (
				2A6F4D1C912A849202344013 /* [CP] Check Pods Manifest.lock */,
				17FC2F781E258FC500174015 /* Sources */,
				17FC2F791E258FC500174015 /* Frameworks */,
				17FC2F7A1E258FC500174015 /* Resources */,
				E3AE3BC58D3D91C5DAC696FA /* [CP] Embed Pods Frameworks */,
			);
			buildRules = (
			);
			dependencies = (
			);
			name = chain;
			productName = CognitoYourUserPoolsSample;
			productReference = 17FC2F7C1E258FC500174015 /* chain.app */;
			productType = "com.apple.product-type.application";
		};
/* End PBXNativeTarget section */

/* Begin PBXProject section */
		17FC2F741E258FC500174015 /* Project object */ = {
			isa = PBXProject;
			attributes = {
				LastSwiftUpdateCheck = 0730;
				LastUpgradeCheck = 0820;
				ORGANIZATIONNAME = "Dubal, Rohan";
				TargetAttributes = {
					17FC2F7B1E258FC500174015 = {
						CreatedOnToolsVersion = 7.3.1;
						DevelopmentTeam = 5BHGRFYGSS;
						LastSwiftMigration = 0940;
					};
				};
			};
			buildConfigurationList = 17FC2F771E258FC500174015 /* Build configuration list for PBXProject "chain" */;
			compatibilityVersion = "Xcode 3.2";
			developmentRegion = English;
			hasScannedForEncodings = 0;
			knownRegions = (
				en,
				Base,
			);
			mainGroup = 17FC2F731E258FC500174015;
			productRefGroup = 17FC2F7D1E258FC500174015 /* Products */;
			projectDirPath = "";
			projectRoot = "";
			targets = (
				17FC2F7B1E258FC500174015 /* chain */,
			);
		};
/* End PBXProject section */

/* Begin PBXResourcesBuildPhase section */
		17FC2F7A1E258FC500174015 /* Resources */ = {
			isa = PBXResourcesBuildPhase;
			buildActionMask = 2147483647;
			files = (
				17FC2F8A1E258FC500174015 /* LaunchScreen.storyboard in Resources */,
				17FC2F871E258FC500174015 /* Assets.xcassets in Resources */,
				B91172B12107D94B00284FB5 /* MyCollectionViewCell.xib in Resources */,
				B9D6951320EE924C0024F6FF /* awsconfiguration.json in Resources */,
				B9E0B17720FAB258009ED8BD /* 43 发布界面.jpg in Resources */,
				B91172B52107D9F900284FB5 /* MyTableViewCell.xib in Resources */,
				17FC2F921E25908D00174015 /* CognitoLogo.png in Resources */,
				17FC2F851E258FC500174015 /* Main.storyboard in Resources */,
				17FC2F951E2590D800174015 /* MFAViewController.xib in Resources */,
				B9F9B53C20F7A98D00CE306F /* trash_box in Resources */,
			);
			runOnlyForDeploymentPostprocessing = 0;
		};
/* End PBXResourcesBuildPhase section */

/* Begin PBXShellScriptBuildPhase section */
		2A6F4D1C912A849202344013 /* [CP] Check Pods Manifest.lock */ = {
			isa = PBXShellScriptBuildPhase;
			buildActionMask = 2147483647;
			files = (
			);
			inputPaths = (
				"${PODS_PODFILE_DIR_PATH}/Podfile.lock",
				"${PODS_ROOT}/Manifest.lock",
			);
			name = "[CP] Check Pods Manifest.lock";
			outputPaths = (
				"$(DERIVED_FILE_DIR)/Pods-chain-checkManifestLockResult.txt",
			);
			runOnlyForDeploymentPostprocessing = 0;
			shellPath = /bin/sh;
			shellScript = "diff \"${PODS_PODFILE_DIR_PATH}/Podfile.lock\" \"${PODS_ROOT}/Manifest.lock\" > /dev/null\nif [ $? != 0 ] ; then\n    # print error to STDERR\n    echo \"error: The sandbox is not in sync with the Podfile.lock. Run 'pod install' or update your CocoaPods installation.\" >&2\n    exit 1\nfi\n# This output is used by Xcode 'outputs' to avoid re-running this script phase.\necho \"SUCCESS\" > \"${SCRIPT_OUTPUT_FILE_0}\"\n";
			showEnvVarsInLog = 0;
		};
		E3AE3BC58D3D91C5DAC696FA /* [CP] Embed Pods Frameworks */ = {
			isa = PBXShellScriptBuildPhase;
			buildActionMask = 2147483647;
			files = (
			);
			inputPaths = (
				"${SRCROOT}/Pods/Target Support Files/Pods-chain/Pods-chain-frameworks.sh",
				"${BUILT_PRODUCTS_DIR}/AWSAuthCore/AWSAuthCore.framework",
				"${BUILT_PRODUCTS_DIR}/AWSAuthUI/AWSAuthUI.framework",
				"${BUILT_PRODUCTS_DIR}/AWSCognitoIdentityProvider/AWSCognitoIdentityProvider.framework",
				"${BUILT_PRODUCTS_DIR}/AWSCognitoIdentityProviderASF/AWSCognitoIdentityProviderASF.framework",
				"${BUILT_PRODUCTS_DIR}/AWSCore/AWSCore.framework",
				"${BUILT_PRODUCTS_DIR}/AWSDynamoDB/AWSDynamoDB.framework",
				"${BUILT_PRODUCTS_DIR}/AWSMobileClient/AWSMobileClient.framework",
				"${BUILT_PRODUCTS_DIR}/AWSPinpoint/AWSPinpoint.framework",
				"${BUILT_PRODUCTS_DIR}/AWSS3/AWSS3.framework",
				"${BUILT_PRODUCTS_DIR}/AWSUserPoolsSignIn/AWSUserPoolsSignIn.framework",
				"${BUILT_PRODUCTS_DIR}/BSGridCollectionViewLayout/BSGridCollectionViewLayout.framework",
				"${BUILT_PRODUCTS_DIR}/BSImagePicker/BSImagePicker.framework",
				"${BUILT_PRODUCTS_DIR}/Kingfisher/Kingfisher.framework",
				"${BUILT_PRODUCTS_DIR}/UIImageViewModeScaleAspect/UIImageViewModeScaleAspect.framework",
			);
			name = "[CP] Embed Pods Frameworks";
			outputPaths = (
				"${TARGET_BUILD_DIR}/${FRAMEWORKS_FOLDER_PATH}/AWSAuthCore.framework",
				"${TARGET_BUILD_DIR}/${FRAMEWORKS_FOLDER_PATH}/AWSAuthUI.framework",
				"${TARGET_BUILD_DIR}/${FRAMEWORKS_FOLDER_PATH}/AWSCognitoIdentityProvider.framework",
				"${TARGET_BUILD_DIR}/${FRAMEWORKS_FOLDER_PATH}/AWSCognitoIdentityProviderASF.framework",
				"${TARGET_BUILD_DIR}/${FRAMEWORKS_FOLDER_PATH}/AWSCore.framework",
				"${TARGET_BUILD_DIR}/${FRAMEWORKS_FOLDER_PATH}/AWSDynamoDB.framework",
				"${TARGET_BUILD_DIR}/${FRAMEWORKS_FOLDER_PATH}/AWSMobileClient.framework",
				"${TARGET_BUILD_DIR}/${FRAMEWORKS_FOLDER_PATH}/AWSPinpoint.framework",
				"${TARGET_BUILD_DIR}/${FRAMEWORKS_FOLDER_PATH}/AWSS3.framework",
				"${TARGET_BUILD_DIR}/${FRAMEWORKS_FOLDER_PATH}/AWSUserPoolsSignIn.framework",
				"${TARGET_BUILD_DIR}/${FRAMEWORKS_FOLDER_PATH}/BSGridCollectionViewLayout.framework",
				"${TARGET_BUILD_DIR}/${FRAMEWORKS_FOLDER_PATH}/BSImagePicker.framework",
				"${TARGET_BUILD_DIR}/${FRAMEWORKS_FOLDER_PATH}/Kingfisher.framework",
				"${TARGET_BUILD_DIR}/${FRAMEWORKS_FOLDER_PATH}/UIImageViewModeScaleAspect.framework",
			);
			runOnlyForDeploymentPostprocessing = 0;
			shellPath = /bin/sh;
			shellScript = "\"${SRCROOT}/Pods/Target Support Files/Pods-chain/Pods-chain-frameworks.sh\"\n";
			showEnvVarsInLog = 0;
		};
/* End PBXShellScriptBuildPhase section */

/* Begin PBXSourcesBuildPhase section */
		17FC2F781E258FC500174015 /* Sources */ = {
			isa = PBXSourcesBuildPhase;
			buildActionMask = 2147483647;
			files = (
				B91172B72107DE4D00284FB5 /* MyCollectionViewCell.swift in Sources */,
				17FC2FA31E25A5D000174015 /* ConfirmForgotPasswordViewController.swift in Sources */,
				17FC2FA11E25A25900174015 /* ForgotPasswordViewController.swift in Sources */,
				B9D6951020EE90790024F6FF /* profile_picture.swift in Sources */,
				B91172B42107D9F900284FB5 /* MyTableViewCell.swift in Sources */,
				B9F9B53E20F7E4C100CE306F /* fabu.swift in Sources */,
				17FC2F9D1E259E5D00174015 /* SignUpViewController.swift in Sources */,
				B9C1DD5620F6763B004C611B /* post_cell.swift in Sources */,
				B9F77BD4210F77060088E601 /* post_detail.swift in Sources */,
				B924E9CC20ED2EB500A0B338 /* fabu_unit.swift in Sources */,
				B9E0B17920FE60F0009ED8BD /* image_cell.swift in Sources */,
				17FC2F9F1E259F3200174015 /* ConfirmSignUpViewController.swift in Sources */,
				B92A817C20FF97F400207787 /* ImagePreviewVC.swift in Sources */,
				17FC2F9B1E259E0500174015 /* Constants.swift in Sources */,
				B9BCB04E2106877600661970 /* post_images.swift in Sources */,
				B9F98AE82110B6D500E4CEDB /* comment_cell.swift in Sources */,
				B98E223520E6A01C0044BB31 /* background.swift in Sources */,
				B92A817D20FF97F400207787 /* ImagePreviewCell.swift in Sources */,
				17FC2F991E25940900174015 /* SignInViewController.swift in Sources */,
				B9C95E642117B1DD00E6DA06 /* share.swift in Sources */,
				17FC2F971E25928900174015 /* MFAViewController.swift in Sources */,
				17FC2FA71E25A9A200174015 /* DevicesDetailTableViewController.swift in Sources */,
				17FC2F801E258FC500174015 /* AppDelegate.swift in Sources */,
				17FC2FA51E25A77600174015 /* UserDetailTableViewController.swift in Sources */,
				B902A60D20F3D44600331D17 /* prepare_posts.swift in Sources */,
			);
			runOnlyForDeploymentPostprocessing = 0;
		};
/* End PBXSourcesBuildPhase section */

/* Begin PBXVariantGroup section */
		17FC2F831E258FC500174015 /* Main.storyboard */ = {
			isa = PBXVariantGroup;
			children = (
				17FC2F841E258FC500174015 /* Base */,
			);
			name = Main.storyboard;
			sourceTree = "<group>";
		};
		17FC2F881E258FC500174015 /* LaunchScreen.storyboard */ = {
			isa = PBXVariantGroup;
			children = (
				17FC2F891E258FC500174015 /* Base */,
			);
			name = LaunchScreen.storyboard;
			sourceTree = "<group>";
		};
		B9D6951520EE924C0024F6FF /* awsconfiguration.json */ = {
			isa = PBXVariantGroup;
			children = (
				B9D6951420EE924C0024F6FF /* Base */,
			);
			name = awsconfiguration.json;
			sourceTree = "<group>";
		};
/* End PBXVariantGroup section */

/* Begin XCBuildConfiguration section */
		17FC2F8C1E258FC500174015 /* Debug */ = {
			isa = XCBuildConfiguration;
			buildSettings = {
				ALWAYS_SEARCH_USER_PATHS = NO;
				CLANG_ANALYZER_NONNULL = YES;
				CLANG_CXX_LANGUAGE_STANDARD = "gnu++0x";
				CLANG_CXX_LIBRARY = "libc++";
				CLANG_ENABLE_MODULES = YES;
				CLANG_ENABLE_OBJC_ARC = YES;
				CLANG_WARN_BOOL_CONVERSION = YES;
				CLANG_WARN_CONSTANT_CONVERSION = YES;
				CLANG_WARN_DIRECT_OBJC_ISA_USAGE = YES_ERROR;
				CLANG_WARN_EMPTY_BODY = YES;
				CLANG_WARN_ENUM_CONVERSION = YES;
				CLANG_WARN_INFINITE_RECURSION = YES;
				CLANG_WARN_INT_CONVERSION = YES;
				CLANG_WARN_OBJC_ROOT_CLASS = YES_ERROR;
				CLANG_WARN_SUSPICIOUS_MOVE = YES;
				CLANG_WARN_UNREACHABLE_CODE = YES;
				CLANG_WARN__DUPLICATE_METHOD_MATCH = YES;
				"CODE_SIGN_IDENTITY[sdk=iphoneos*]" = "iPhone Developer";
				COPY_PHASE_STRIP = NO;
				DEBUG_INFORMATION_FORMAT = dwarf;
				ENABLE_STRICT_OBJC_MSGSEND = YES;
				ENABLE_TESTABILITY = YES;
				GCC_C_LANGUAGE_STANDARD = gnu99;
				GCC_DYNAMIC_NO_PIC = NO;
				GCC_NO_COMMON_BLOCKS = YES;
				GCC_OPTIMIZATION_LEVEL = 0;
				GCC_PREPROCESSOR_DEFINITIONS = (
					"DEBUG=1",
					"$(inherited)",
				);
				GCC_WARN_64_TO_32_BIT_CONVERSION = YES;
				GCC_WARN_ABOUT_RETURN_TYPE = YES_ERROR;
				GCC_WARN_UNDECLARED_SELECTOR = YES;
				GCC_WARN_UNINITIALIZED_AUTOS = YES_AGGRESSIVE;
				GCC_WARN_UNUSED_FUNCTION = YES;
				GCC_WARN_UNUSED_VARIABLE = YES;
				IPHONEOS_DEPLOYMENT_TARGET = 9.3;
				MTL_ENABLE_DEBUG_INFO = YES;
				ONLY_ACTIVE_ARCH = YES;
				SDKROOT = iphoneos;
				SWIFT_OPTIMIZATION_LEVEL = "-Onone";
				TARGETED_DEVICE_FAMILY = "1,2";
			};
			name = Debug;
		};
		17FC2F8D1E258FC500174015 /* Release */ = {
			isa = XCBuildConfiguration;
			buildSettings = {
				ALWAYS_SEARCH_USER_PATHS = NO;
				CLANG_ANALYZER_NONNULL = YES;
				CLANG_CXX_LANGUAGE_STANDARD = "gnu++0x";
				CLANG_CXX_LIBRARY = "libc++";
				CLANG_ENABLE_MODULES = YES;
				CLANG_ENABLE_OBJC_ARC = YES;
				CLANG_WARN_BOOL_CONVERSION = YES;
				CLANG_WARN_CONSTANT_CONVERSION = YES;
				CLANG_WARN_DIRECT_OBJC_ISA_USAGE = YES_ERROR;
				CLANG_WARN_EMPTY_BODY = YES;
				CLANG_WARN_ENUM_CONVERSION = YES;
				CLANG_WARN_INFINITE_RECURSION = YES;
				CLANG_WARN_INT_CONVERSION = YES;
				CLANG_WARN_OBJC_ROOT_CLASS = YES_ERROR;
				CLANG_WARN_SUSPICIOUS_MOVE = YES;
				CLANG_WARN_UNREACHABLE_CODE = YES;
				CLANG_WARN__DUPLICATE_METHOD_MATCH = YES;
				"CODE_SIGN_IDENTITY[sdk=iphoneos*]" = "iPhone Developer";
				COPY_PHASE_STRIP = NO;
				DEBUG_INFORMATION_FORMAT = "dwarf-with-dsym";
				ENABLE_NS_ASSERTIONS = NO;
				ENABLE_STRICT_OBJC_MSGSEND = YES;
				GCC_C_LANGUAGE_STANDARD = gnu99;
				GCC_NO_COMMON_BLOCKS = YES;
				GCC_WARN_64_TO_32_BIT_CONVERSION = YES;
				GCC_WARN_ABOUT_RETURN_TYPE = YES_ERROR;
				GCC_WARN_UNDECLARED_SELECTOR = YES;
				GCC_WARN_UNINITIALIZED_AUTOS = YES_AGGRESSIVE;
				GCC_WARN_UNUSED_FUNCTION = YES;
				GCC_WARN_UNUSED_VARIABLE = YES;
				IPHONEOS_DEPLOYMENT_TARGET = 9.3;
				MTL_ENABLE_DEBUG_INFO = NO;
				SDKROOT = iphoneos;
				SWIFT_OPTIMIZATION_LEVEL = "-Owholemodule";
				TARGETED_DEVICE_FAMILY = "1,2";
				VALIDATE_PRODUCT = YES;
			};
			name = Release;
		};
		17FC2F8F1E258FC500174015 /* Debug */ = {
			isa = XCBuildConfiguration;
			baseConfigurationReference = B0A9A7D7547397979E20D70A /* Pods-chain.debug.xcconfig */;
			buildSettings = {
				ASSETCATALOG_COMPILER_APPICON_NAME = AppIcon;
				DEVELOPMENT_TEAM = 5BHGRFYGSS;
				INFOPLIST_FILE = CognitoYourUserPoolsSample/Info.plist;
				LD_RUNPATH_SEARCH_PATHS = "$(inherited) @executable_path/Frameworks";
				PRODUCT_BUNDLE_IDENTIFIER = chancechain;
				PRODUCT_NAME = "$(TARGET_NAME)";
				SWIFT_VERSION = 4.0;
			};
			name = Debug;
		};
		17FC2F901E258FC500174015 /* Release */ = {
			isa = XCBuildConfiguration;
			baseConfigurationReference = E3DAD77C24F85CC9C2515630 /* Pods-chain.release.xcconfig */;
			buildSettings = {
				ASSETCATALOG_COMPILER_APPICON_NAME = AppIcon;
				DEVELOPMENT_TEAM = 5BHGRFYGSS;
				INFOPLIST_FILE = CognitoYourUserPoolsSample/Info.plist;
				LD_RUNPATH_SEARCH_PATHS = "$(inherited) @executable_path/Frameworks";
				PRODUCT_BUNDLE_IDENTIFIER = chancechain;
				PRODUCT_NAME = "$(TARGET_NAME)";
				SWIFT_VERSION = 4.0;
			};
			name = Release;
		};
/* End XCBuildConfiguration section */

/* Begin XCConfigurationList section */
		17FC2F771E258FC500174015 /* Build configuration list for PBXProject "chain" */ = {
			isa = XCConfigurationList;
			buildConfigurations = (
				17FC2F8C1E258FC500174015 /* Debug */,
				17FC2F8D1E258FC500174015 /* Release */,
			);
			defaultConfigurationIsVisible = 0;
			defaultConfigurationName = Release;
		};
		17FC2F8E1E258FC500174015 /* Build configuration list for PBXNativeTarget "chain" */ = {
			isa = XCConfigurationList;
			buildConfigurations = (
				17FC2F8F1E258FC500174015 /* Debug */,
				17FC2F901E258FC500174015 /* Release */,
			);
			defaultConfigurationIsVisible = 0;
			defaultConfigurationName = Release;
		};
/* End XCConfigurationList section */
	};
	rootObject = 17FC2F741E258FC500174015 /* Project object */;
}
